
Microsoft Visual Studio Solution File, Format Version 12.00
# Visual Studio Version 17
VisualStudioVersion = 17.0.32126.317
MinimumVisualStudioVersion = 10.0.40219.1
Project("{FAE04EC0-301F-11D3-BF4B-00C04F79EFBC}") = "HackerRank", "HackerRank\HackerRank.csproj", "{F386B6E3-E669-43BB-A709-B84F99C62D90}"
EndProject
Project("{FAE04EC0-301F-11D3-BF4B-00C04F79EFBC}") = "IceCreamParlor", "IceCreamParlor\IceCreamParlor.csproj", "{1ED88978-DEA7-449C-9BBC-AC74F330EC5B}"
EndProject
Project("{FAE04EC0-301F-11D3-BF4B-00C04F79EFBC}") = "GameOfThronesI", "GameOfThronesI\GameOfThronesI.csproj", "{66BB8EC9-3194-49EA-911E-3FD485F6DA0B}"
EndProject
Project("{FAE04EC0-301F-11D3-BF4B-00C04F79EFBC}") = "MakingAnagrams", "MakingAnagrams\MakingAnagrams.csproj", "{0E0E4941-7A1C-462C-9430-96632276BEC9}"
EndProject
Project("{FAE04EC0-301F-11D3-BF4B-00C04F79EFBC}") = "Gemstones", "Gemstones\Gemstones.csproj", "{AC49E171-B190-43FB-A9A9-9B25FF5D7174}"
EndProject
Project("{FAE04EC0-301F-11D3-BF4B-00C04F79EFBC}") = "FunnyString", "FunnyString\FunnyString.csproj", "{24197560-57D1-48F7-B6C6-559CFDEB3418}"
EndProject
Project("{FAE04EC0-301F-11D3-BF4B-00C04F79EFBC}") = "Pangrams", "Pangrams\Pangrams.csproj", "{D969E750-CAF3-4340-91EE-61F0E9E01075}"
EndProject
Project("{FAE04EC0-301F-11D3-BF4B-00C04F79EFBC}") = "RunningTimeOfAlgorithms", "RunningTimeOfAlgorithms\RunningTimeOfAlgorithms.csproj", "{380B591A-34CE-4657-AE27-AD58B4D04B20}"
EndProject
Project("{FAE04EC0-301F-11D3-BF4B-00C04F79EFBC}") = "CorrectnessAndTheLoopInvariant", "CorrectnessAndTheLoopInvariant\CorrectnessAndTheLoopInvariant.csproj", "{E43DEFD4-C3AB-480C-90B7-EF84FE19FCFF}"
EndProject
Project("{FAE04EC0-301F-11D3-BF4B-00C04F79EFBC}") = "TwoCharacters", "TwoCharacters\TwoCharacters.csproj", "{1B38DF68-6459-4D0C-99F8-A384F40E7B54}"
EndProject
Project("{FAE04EC0-301F-11D3-BF4B-00C04F79EFBC}") = "StrongPassword", "StrongPassword\StrongPassword.csproj", "{F9B28922-5EA7-4157-A439-DE4F396C4528}"
EndProject
Project("{FAE04EC0-301F-11D3-BF4B-00C04F79EFBC}") = "BiggerIsGreater", "BiggerIsGreater\BiggerIsGreater.csproj", "{35341206-F879-4101-BB18-4C88D792A54E}"
EndProject
Project("{FAE04EC0-301F-11D3-BF4B-00C04F79EFBC}") = "CatsAndAMouse", "CatsAndAMouse\CatsAndAMouse.csproj", "{0E0B7013-3CC7-4375-8FB0-365FF332AB91}"
EndProject
Project("{FAE04EC0-301F-11D3-BF4B-00C04F79EFBC}") = "MigratoryBirds", "MigratoryBirds\MigratoryBirds.csproj", "{C6CC603C-2A84-4040-AAE9-62E2914189BC}"
EndProject
Project("{FAE04EC0-301F-11D3-BF4B-00C04F79EFBC}") = "TimeConversion", "TimeConversion\TimeConversion.csproj", "{84689499-99A5-4A49-9346-B899A8DC4110}"
EndProject
Project("{FAE04EC0-301F-11D3-BF4B-00C04F79EFBC}") = "BirthdayCakeCandles", "BirthdayCakeCandles\BirthdayCakeCandles.csproj", "{D7A2EFA4-5B24-4D60-9AE2-6B262F9A71D6}"
EndProject
Project("{FAE04EC0-301F-11D3-BF4B-00C04F79EFBC}") = "Staircase", "Staircase\Staircase.csproj", "{E8EA1098-49EB-4568-B367-A7999094DAC4}"
EndProject
Project("{FAE04EC0-301F-11D3-BF4B-00C04F79EFBC}") = "PlusMinus", "PlusMinus\PlusMinus.csproj", "{F3351F8F-1030-4F0A-97BF-6F0917992B42}"
EndProject
Project("{FAE04EC0-301F-11D3-BF4B-00C04F79EFBC}") = "DiagonalDifference", "DiagonalDifference\DiagonalDifference.csproj", "{A1CA5885-AF6E-446F-B5CD-875AB766DE77}"
EndProject
Project("{FAE04EC0-301F-11D3-BF4B-00C04F79EFBC}") = "AVeryBigSum", "AVeryBigSum\AVeryBigSum.csproj", "{F9B14119-2F55-4662-8304-796E784E827E}"
EndProject
Project("{FAE04EC0-301F-11D3-BF4B-00C04F79EFBC}") = "CompareTheTriplets", "CompareTheTriplets\CompareTheTriplets.csproj", "{E2DD1438-1D20-4D42-9E22-4D6F309E3DE4}"
EndProject
Project("{FAE04EC0-301F-11D3-BF4B-00C04F79EFBC}") = "SimpleArraySum", "SimpleArraySum\SimpleArraySum.csproj", "{7F6EAA8A-839D-4D32-A53E-DBB849D8CD0E}"
EndProject
Project("{FAE04EC0-301F-11D3-BF4B-00C04F79EFBC}") = "SolveMeFirst", "SolveMeFirst\SolveMeFirst.csproj", "{E7E3884C-571B-4FC1-816D-65738C43D2B8}"
EndProject
Global
	GlobalSection(SolutionConfigurationPlatforms) = preSolution
		Debug|Any CPU = Debug|Any CPU
		Release|Any CPU = Release|Any CPU
	EndGlobalSection
	GlobalSection(ProjectConfigurationPlatforms) = postSolution
		{F386B6E3-E669-43BB-A709-B84F99C62D90}.Debug|Any CPU.ActiveCfg = Debug|Any CPU
		{F386B6E3-E669-43BB-A709-B84F99C62D90}.Debug|Any CPU.Build.0 = Debug|Any CPU
		{F386B6E3-E669-43BB-A709-B84F99C62D90}.Release|Any CPU.ActiveCfg = Release|Any CPU
		{F386B6E3-E669-43BB-A709-B84F99C62D90}.Release|Any CPU.Build.0 = Release|Any CPU
		{1ED88978-DEA7-449C-9BBC-AC74F330EC5B}.Debug|Any CPU.ActiveCfg = Debug|Any CPU
		{1ED88978-DEA7-449C-9BBC-AC74F330EC5B}.Debug|Any CPU.Build.0 = Debug|Any CPU
		{1ED88978-DEA7-449C-9BBC-AC74F330EC5B}.Release|Any CPU.ActiveCfg = Release|Any CPU
		{1ED88978-DEA7-449C-9BBC-AC74F330EC5B}.Release|Any CPU.Build.0 = Release|Any CPU
		{66BB8EC9-3194-49EA-911E-3FD485F6DA0B}.Debug|Any CPU.ActiveCfg = Debug|Any CPU
		{66BB8EC9-3194-49EA-911E-3FD485F6DA0B}.Debug|Any CPU.Build.0 = Debug|Any CPU
		{66BB8EC9-3194-49EA-911E-3FD485F6DA0B}.Release|Any CPU.ActiveCfg = Release|Any CPU
		{66BB8EC9-3194-49EA-911E-3FD485F6DA0B}.Release|Any CPU.Build.0 = Release|Any CPU
		{0E0E4941-7A1C-462C-9430-96632276BEC9}.Debug|Any CPU.ActiveCfg = Debug|Any CPU
		{0E0E4941-7A1C-462C-9430-96632276BEC9}.Debug|Any CPU.Build.0 = Debug|Any CPU
		{0E0E4941-7A1C-462C-9430-96632276BEC9}.Release|Any CPU.ActiveCfg = Release|Any CPU
		{0E0E4941-7A1C-462C-9430-96632276BEC9}.Release|Any CPU.Build.0 = Release|Any CPU
		{AC49E171-B190-43FB-A9A9-9B25FF5D7174}.Debug|Any CPU.ActiveCfg = Debug|Any CPU
		{AC49E171-B190-43FB-A9A9-9B25FF5D7174}.Debug|Any CPU.Build.0 = Debug|Any CPU
		{AC49E171-B190-43FB-A9A9-9B25FF5D7174}.Release|Any CPU.ActiveCfg = Release|Any CPU
		{AC49E171-B190-43FB-A9A9-9B25FF5D7174}.Release|Any CPU.Build.0 = Release|Any CPU
		{24197560-57D1-48F7-B6C6-559CFDEB3418}.Debug|Any CPU.ActiveCfg = Debug|Any CPU
		{24197560-57D1-48F7-B6C6-559CFDEB3418}.Debug|Any CPU.Build.0 = Debug|Any CPU
		{24197560-57D1-48F7-B6C6-559CFDEB3418}.Release|Any CPU.ActiveCfg = Release|Any CPU
		{24197560-57D1-48F7-B6C6-559CFDEB3418}.Release|Any CPU.Build.0 = Release|Any CPU
		{D969E750-CAF3-4340-91EE-61F0E9E01075}.Debug|Any CPU.ActiveCfg = Debug|Any CPU
		{D969E750-CAF3-4340-91EE-61F0E9E01075}.Debug|Any CPU.Build.0 = Debug|Any CPU
		{D969E750-CAF3-4340-91EE-61F0E9E01075}.Release|Any CPU.ActiveCfg = Release|Any CPU
		{D969E750-CAF3-4340-91EE-61F0E9E01075}.Release|Any CPU.Build.0 = Release|Any CPU
		{380B591A-34CE-4657-AE27-AD58B4D04B20}.Debug|Any CPU.ActiveCfg = Debug|Any CPU
		{380B591A-34CE-4657-AE27-AD58B4D04B20}.Debug|Any CPU.Build.0 = Debug|Any CPU
		{380B591A-34CE-4657-AE27-AD58B4D04B20}.Release|Any CPU.ActiveCfg = Release|Any CPU
		{380B591A-34CE-4657-AE27-AD58B4D04B20}.Release|Any CPU.Build.0 = Release|Any CPU
		{E43DEFD4-C3AB-480C-90B7-EF84FE19FCFF}.Debug|Any CPU.ActiveCfg = Debug|Any CPU
		{E43DEFD4-C3AB-480C-90B7-EF84FE19FCFF}.Debug|Any CPU.Build.0 = Debug|Any CPU
		{E43DEFD4-C3AB-480C-90B7-EF84FE19FCFF}.Release|Any CPU.ActiveCfg = Release|Any CPU
		{E43DEFD4-C3AB-480C-90B7-EF84FE19FCFF}.Release|Any CPU.Build.0 = Release|Any CPU
		{1B38DF68-6459-4D0C-99F8-A384F40E7B54}.Debug|Any CPU.ActiveCfg = Debug|Any CPU
		{1B38DF68-6459-4D0C-99F8-A384F40E7B54}.Debug|Any CPU.Build.0 = Debug|Any CPU
		{1B38DF68-6459-4D0C-99F8-A384F40E7B54}.Release|Any CPU.ActiveCfg = Release|Any CPU
		{1B38DF68-6459-4D0C-99F8-A384F40E7B54}.Release|Any CPU.Build.0 = Release|Any CPU
		{F9B28922-5EA7-4157-A439-DE4F396C4528}.Debug|Any CPU.ActiveCfg = Debug|Any CPU
		{F9B28922-5EA7-4157-A439-DE4F396C4528}.Debug|Any CPU.Build.0 = Debug|Any CPU
		{F9B28922-5EA7-4157-A439-DE4F396C4528}.Release|Any CPU.ActiveCfg = Release|Any CPU
		{F9B28922-5EA7-4157-A439-DE4F396C4528}.Release|Any CPU.Build.0 = Release|Any CPU
		{35341206-F879-4101-BB18-4C88D792A54E}.Debug|Any CPU.ActiveCfg = Debug|Any CPU
		{35341206-F879-4101-BB18-4C88D792A54E}.Debug|Any CPU.Build.0 = Debug|Any CPU
		{35341206-F879-4101-BB18-4C88D792A54E}.Release|Any CPU.ActiveCfg = Release|Any CPU
		{35341206-F879-4101-BB18-4C88D792A54E}.Release|Any CPU.Build.0 = Release|Any CPU
		{0E0B7013-3CC7-4375-8FB0-365FF332AB91}.Debug|Any CPU.ActiveCfg = Debug|Any CPU
		{0E0B7013-3CC7-4375-8FB0-365FF332AB91}.Debug|Any CPU.Build.0 = Debug|Any CPU
		{0E0B7013-3CC7-4375-8FB0-365FF332AB91}.Release|Any CPU.ActiveCfg = Release|Any CPU
		{0E0B7013-3CC7-4375-8FB0-365FF332AB91}.Release|Any CPU.Build.0 = Release|Any CPU
		{C6CC603C-2A84-4040-AAE9-62E2914189BC}.Debug|Any CPU.ActiveCfg = Debug|Any CPU
		{C6CC603C-2A84-4040-AAE9-62E2914189BC}.Debug|Any CPU.Build.0 = Debug|Any CPU
		{C6CC603C-2A84-4040-AAE9-62E2914189BC}.Release|Any CPU.ActiveCfg = Release|Any CPU
		{C6CC603C-2A84-4040-AAE9-62E2914189BC}.Release|Any CPU.Build.0 = Release|Any CPU
		{84689499-99A5-4A49-9346-B899A8DC4110}.Debug|Any CPU.ActiveCfg = Debug|Any CPU
		{84689499-99A5-4A49-9346-B899A8DC4110}.Debug|Any CPU.Build.0 = Debug|Any CPU
		{84689499-99A5-4A49-9346-B899A8DC4110}.Release|Any CPU.ActiveCfg = Release|Any CPU
		{84689499-99A5-4A49-9346-B899A8DC4110}.Release|Any CPU.Build.0 = Release|Any CPU
		{D7A2EFA4-5B24-4D60-9AE2-6B262F9A71D6}.Debug|Any CPU.ActiveCfg = Debug|Any CPU
		{D7A2EFA4-5B24-4D60-9AE2-6B262F9A71D6}.Debug|Any CPU.Build.0 = Debug|Any CPU
		{D7A2EFA4-5B24-4D60-9AE2-6B262F9A71D6}.Release|Any CPU.ActiveCfg = Release|Any CPU
		{D7A2EFA4-5B24-4D60-9AE2-6B262F9A71D6}.Release|Any CPU.Build.0 = Release|Any CPU
		{E8EA1098-49EB-4568-B367-A7999094DAC4}.Debug|Any CPU.ActiveCfg = Debug|Any CPU
		{E8EA1098-49EB-4568-B367-A7999094DAC4}.Debug|Any CPU.Build.0 = Debug|Any CPU
		{E8EA1098-49EB-4568-B367-A7999094DAC4}.Release|Any CPU.ActiveCfg = Release|Any CPU
		{E8EA1098-49EB-4568-B367-A7999094DAC4}.Release|Any CPU.Build.0 = Release|Any CPU
		{F3351F8F-1030-4F0A-97BF-6F0917992B42}.Debug|Any CPU.ActiveCfg = Debug|Any CPU
		{F3351F8F-1030-4F0A-97BF-6F0917992B42}.Debug|Any CPU.Build.0 = Debug|Any CPU
		{F3351F8F-1030-4F0A-97BF-6F0917992B42}.Release|Any CPU.ActiveCfg = Release|Any CPU
		{F3351F8F-1030-4F0A-97BF-6F0917992B42}.Release|Any CPU.Build.0 = Release|Any CPU
		{A1CA5885-AF6E-446F-B5CD-875AB766DE77}.Debug|Any CPU.ActiveCfg = Debug|Any CPU
		{A1CA5885-AF6E-446F-B5CD-875AB766DE77}.Debug|Any CPU.Build.0 = Debug|Any CPU
		{A1CA5885-AF6E-446F-B5CD-875AB766DE77}.Release|Any CPU.ActiveCfg = Release|Any CPU
		{A1CA5885-AF6E-446F-B5CD-875AB766DE77}.Release|Any CPU.Build.0 = Release|Any CPU
		{F9B14119-2F55-4662-8304-796E784E827E}.Debug|Any CPU.ActiveCfg = Debug|Any CPU
		{F9B14119-2F55-4662-8304-796E784E827E}.Debug|Any CPU.Build.0 = Debug|Any CPU
		{F9B14119-2F55-4662-8304-796E784E827E}.Release|Any CPU.ActiveCfg = Release|Any CPU
		{F9B14119-2F55-4662-8304-796E784E827E}.Release|Any CPU.Build.0 = Release|Any CPU
		{E2DD1438-1D20-4D42-9E22-4D6F309E3DE4}.Debug|Any CPU.ActiveCfg = Debug|Any CPU
		{E2DD1438-1D20-4D42-9E22-4D6F309E3DE4}.Debug|Any CPU.Build.0 = Debug|Any CPU
		{E2DD1438-1D20-4D42-9E22-4D6F309E3DE4}.Release|Any CPU.ActiveCfg = Release|Any CPU
		{E2DD1438-1D20-4D42-9E22-4D6F309E3DE4}.Release|Any CPU.Build.0 = Release|Any CPU
		{7F6EAA8A-839D-4D32-A53E-DBB849D8CD0E}.Debug|Any CPU.ActiveCfg = Debug|Any CPU
		{7F6EAA8A-839D-4D32-A53E-DBB849D8CD0E}.Debug|Any CPU.Build.0 = Debug|Any CPU
		{7F6EAA8A-839D-4D32-A53E-DBB849D8CD0E}.Release|Any CPU.ActiveCfg = Release|Any CPU
		{7F6EAA8A-839D-4D32-A53E-DBB849D8CD0E}.Release|Any CPU.Build.0 = Release|Any CPU
		{E7E3884C-571B-4FC1-816D-65738C43D2B8}.Debug|Any CPU.ActiveCfg = Debug|Any CPU
		{E7E3884C-571B-4FC1-816D-65738C43D2B8}.Debug|Any CPU.Build.0 = Debug|Any CPU
		{E7E3884C-571B-4FC1-816D-65738C43D2B8}.Release|Any CPU.ActiveCfg = Release|Any CPU
		{E7E3884C-571B-4FC1-816D-65738C43D2B8}.Release|Any CPU.Build.0 = Release|Any CPU
	EndGlobalSection
	GlobalSection(SolutionProperties) = preSolution
		HideSolutionNode = FALSE
	EndGlobalSection
	GlobalSection(ExtensibilityGlobals) = postSolution
		SolutionGuid = {CE4D73B1-CC24-4867-A6F4-845FABAE518D}
	EndGlobalSection
EndGlobal
